
Microsoft Visual Studio Solution File, Format Version 11.00
# Visual Studio 2010
Project("{FAE04EC0-301F-11D3-BF4B-00C04F79EFBC}") = "ServicioBL", "ServicioBL\ServicioBL.csproj", "{27A82A19-22D2-4227-877B-484F3E84B5F3}"
EndProject
Global
	GlobalSection(SolutionConfigurationPlatforms) = preSolution
		Debug|Any CPU = Debug|Any CPU
		Release|Any CPU = Release|Any CPU
	EndGlobalSection
	GlobalSection(ProjectConfigurationPlatforms) = postSolution
		{27A82A19-22D2-4227-877B-484F3E84B5F3}.Debug|Any CPU.ActiveCfg = Debug|Any CPU
		{27A82A19-22D2-4227-877B-484F3E84B5F3}.Debug|Any CPU.Build.0 = Debug|Any CPU
		{27A82A19-22D2-4227-877B-484F3E84B5F3}.Release|Any CPU.ActiveCfg = Release|Any CPU
		{27A82A19-22D2-4227-877B-484F3E84B5F3}.Release|Any CPU.Build.0 = Release|Any CPU
	EndGlobalSection
	GlobalSection(SolutionProperties) = preSolution
		HideSolutionNode = FALSE
	EndGlobalSection
EndGlobal
